
Microsoft Visual Studio Solution File, Format Version 12.00
# Visual Studio Version 17
VisualStudioVersion = 17.6.33712.159
MinimumVisualStudioVersion = 10.0.40219.1
Project("{FAE04EC0-301F-11D3-BF4B-00C04F79EFBC}") = "employeTracker", "employeTracker.csproj", "{65C4E5F6-CB1F-48D7-BBA0-3FD8215B4C67}"
EndProject
Global
	GlobalSection(SolutionConfigurationPlatforms) = preSolution
		Debug|Any CPU = Debug|Any CPU
		Release|Any CPU = Release|Any CPU
	EndGlobalSection
	GlobalSection(ProjectConfigurationPlatforms) = postSolution
		{65C4E5F6-CB1F-48D7-BBA0-3FD8215B4C67}.Debug|Any CPU.ActiveCfg = Debug|Any CPU
		{65C4E5F6-CB1F-48D7-BBA0-3FD8215B4C67}.Debug|Any CPU.Build.0 = Debug|Any CPU
		{65C4E5F6-CB1F-48D7-BBA0-3FD8215B4C67}.Release|Any CPU.ActiveCfg = Release|Any CPU
		{65C4E5F6-CB1F-48D7-BBA0-3FD8215B4C67}.Release|Any CPU.Build.0 = Release|Any CPU
	EndGlobalSection
	GlobalSection(SolutionProperties) = preSolution
		HideSolutionNode = FALSE
	EndGlobalSection
	GlobalSection(ExtensibilityGlobals) = postSolution
		SolutionGuid = {05C1670C-C20C-49EB-B345-DFA25320D5E3}
	EndGlobalSection
EndGlobal
